schema: '2.0'
stages:
  get_data:
    cmd: python scripts/data.py
    deps:
    - path: scripts/data.py
      hash: md5
      md5: 9a6e61b6e3b7425869a5b1819710add3
      size: 1493
    params:
      params.yaml:
        index_col: customer_id
    outs:
    - path: data/initial_data.csv
      hash: md5
      md5: 9fd25519d819cf82b23dab82662dc39a
      size: 822095
  fit_model:
    cmd: python scripts/fit.py
    deps:
    - path: data/initial_data.csv
      hash: md5
      md5: 9fd25519d819cf82b23dab82662dc39a
      size: 822095
    - path: scripts/fit.py
      hash: md5
      md5: c8eddd4d155f192ae81e22f7fd8e020e
      size: 2093
    params:
      params.yaml:
        C: 1
        auto_class_weights: Balanced
        index_col: customer_id
        one_hot_drop: if_binary
        penalty: l2
        target_col: target
    outs:
    - path: models/fitted_model.pkl
      hash: md5
      md5: 20a7350bd8e4679d1e4ada985804c172
      size: 7742
  evaluate_model:
    cmd: python scripts/evaluate.py
    deps:
    - path: models/fitted_model.pkl
      hash: md5
      md5: 20a7350bd8e4679d1e4ada985804c172
      size: 7742
    - path: scripts/evaluate.py
      hash: md5
      md5: 46a0949c0e8d526d143445a50b6e04c6
      size: 1568
    params:
      params.yaml:
        index_col: customer_id
        metrics:
        - f1
        - roc_auc
        n_jobs: -1
        n_splits: 5
        target_col: target
    outs:
    - path: cv_results/cv_res.json
      hash: md5
      md5: 2f22e5ff9bad14d1be17a6ebe48f6beb
      size: 74
